
Microsoft Visual Studio Solution File, Format Version 12.00
# Visual Studio Version 17
VisualStudioVersion = 17.5.002.0
MinimumVisualStudioVersion = 10.0.40219.1
Project("{9A19103F-16F7-4668-BE54-9A1E7A4F7556}") = "Backend", "Backend\Backend.csproj", "{DB30B2E5-CA1F-41DB-A368-50576A2AF6B3}"
EndProject
Global
	GlobalSection(SolutionConfigurationPlatforms) = preSolution
		Debug|Any CPU = Debug|Any CPU
		Release|Any CPU = Release|Any CPU
	EndGlobalSection
	GlobalSection(ProjectConfigurationPlatforms) = postSolution
		{DB30B2E5-CA1F-41DB-A368-50576A2AF6B3}.Debug|Any CPU.ActiveCfg = Debug|Any CPU
		{DB30B2E5-CA1F-41DB-A368-50576A2AF6B3}.Debug|Any CPU.Build.0 = Debug|Any CPU
		{DB30B2E5-CA1F-41DB-A368-50576A2AF6B3}.Release|Any CPU.ActiveCfg = Release|Any CPU
		{DB30B2E5-CA1F-41DB-A368-50576A2AF6B3}.Release|Any CPU.Build.0 = Release|Any CPU
	EndGlobalSection
	GlobalSection(SolutionProperties) = preSolution
		HideSolutionNode = FALSE
	EndGlobalSection
	GlobalSection(ExtensibilityGlobals) = postSolution
		SolutionGuid = {30A2CB4F-699F-468E-87A4-47DC3CDED009}
	EndGlobalSection
EndGlobal
